// !$*UTF8*$!
{
	archiveVersion = 1;
	classes = {
	};
	objectVersion = 55;
	objects = {

/* Begin PBXBuildFile section */
		128876B8290E1ACA00E22915 /* AppDelegate.swift in Sources */ = {isa = PBXBuildFile; fileRef = 128876B7290E1ACA00E22915 /* AppDelegate.swift */; };
		128876BA290E1ACA00E22915 /* SceneDelegate.swift in Sources */ = {isa = PBXBuildFile; fileRef = 128876B9290E1ACA00E22915 /* SceneDelegate.swift */; };
		128876BC290E1ACA00E22915 /* ViewController.swift in Sources */ = {isa = PBXBuildFile; fileRef = 128876BB290E1ACA00E22915 /* ViewController.swift */; };
		128876BF290E1ACA00E22915 /* Main.storyboard in Resources */ = {isa = PBXBuildFile; fileRef = 128876BD290E1ACA00E22915 /* Main.storyboard */; };
		128876C1290E1ACB00E22915 /* Assets.xcassets in Resources */ = {isa = PBXBuildFile; fileRef = 128876C0290E1ACB00E22915 /* Assets.xcassets */; };
		128876C4290E1ACB00E22915 /* LaunchScreen.storyboard in Resources */ = {isa = PBXBuildFile; fileRef = 128876C2290E1ACB00E22915 /* LaunchScreen.storyboard */; };
		6AA3914F2F5D11FBE137C314 /* Pods_iOS_AppArchitecture.framework in Frameworks */ = {isa = PBXBuildFile; fileRef = 692D9814601FC5F94302EA4E /* Pods_iOS_AppArchitecture.framework */; };
/* End PBXBuildFile section */

/* Begin PBXFileReference section */
		128876B4290E1ACA00E22915 /* iOS-AppArchitecture.app */ = {isa = PBXFileReference; explicitFileType = wrapper.application; includeInIndex = 0; path = "iOS-AppArchitecture.app"; sourceTree = BUILT_PRODUCTS_DIR; };
		128876B7290E1ACA00E22915 /* AppDelegate.swift */ = {isa = PBXFileReference; lastKnownFileType = sourcecode.swift; path = AppDelegate.swift; sourceTree = "<group>"; };
		128876B9290E1ACA00E22915 /* SceneDelegate.swift */ = {isa = PBXFileReference; lastKnownFileType = sourcecode.swift; path = SceneDelegate.swift; sourceTree = "<group>"; };
		128876BB290E1ACA00E22915 /* ViewController.swift */ = {isa = PBXFileReference; lastKnownFileType = sourcecode.swift; path = ViewController.swift; sourceTree = "<group>"; };
		128876BE290E1ACA00E22915 /* Base */ = {isa = PBXFileReference; lastKnownFileType = file.storyboard; name = Base; path = Base.lproj/Main.storyboard; sourceTree = "<group>"; };
		128876C0290E1ACB00E22915 /* Assets.xcassets */ = {isa = PBXFileReference; lastKnownFileType = folder.assetcatalog; path = Assets.xcassets; sourceTree = "<group>"; };
		128876C3290E1ACB00E22915 /* Base */ = {isa = PBXFileReference; lastKnownFileType = file.storyboard; name = Base; path = Base.lproj/LaunchScreen.storyboard; sourceTree = "<group>"; };
		128876C5290E1ACB00E22915 /* Info.plist */ = {isa = PBXFileReference; lastKnownFileType = text.plist.xml; path = Info.plist; sourceTree = "<group>"; };
		692D9814601FC5F94302EA4E /* Pods_iOS_AppArchitecture.framework */ = {isa = PBXFileReference; explicitFileType = wrapper.framework; includeInIndex = 0; path = Pods_iOS_AppArchitecture.framework; sourceTree = BUILT_PRODUCTS_DIR; };
		9050566548BD0AD4D6062405 /* Pods-iOS-AppArchitecture.debug.xcconfig */ = {isa = PBXFileReference; includeInIndex = 1; lastKnownFileType = text.xcconfig; name = "Pods-iOS-AppArchitecture.debug.xcconfig"; path = "Target Support Files/Pods-iOS-AppArchitecture/Pods-iOS-AppArchitecture.debug.xcconfig"; sourceTree = "<group>"; };
		FF041887D3287182DF960DF8 /* Pods-iOS-AppArchitecture.release.xcconfig */ = {isa = PBXFileReference; includeInIndex = 1; lastKnownFileType = text.xcconfig; name = "Pods-iOS-AppArchitecture.release.xcconfig"; path = "Target Support Files/Pods-iOS-AppArchitecture/Pods-iOS-AppArchitecture.release.xcconfig"; sourceTree = "<group>"; };
/* End PBXFileReference section */

/* Begin PBXFrameworksBuildPhase section */
		128876B1290E1ACA00E22915 /* Frameworks */ = {
			isa = PBXFrameworksBuildPhase;
			buildActionMask = 2147483647;
			files = (
				6AA3914F2F5D11FBE137C314 /* Pods_iOS_AppArchitecture.framework in Frameworks */,
			);
			runOnlyForDeploymentPostprocessing = 0;
		};
/* End PBXFrameworksBuildPhase section */

/* Begin PBXGroup section */
		0EACFF9C431D3389C59791C9 /* Pods */ = {
			isa = PBXGroup;
			children = (
				9050566548BD0AD4D6062405 /* Pods-iOS-AppArchitecture.debug.xcconfig */,
				FF041887D3287182DF960DF8 /* Pods-iOS-AppArchitecture.release.xcconfig */,
			);
			name = Pods;
			path = Pods;
			sourceTree = "<group>";
		};
		128876AB290E1ACA00E22915 = {
			isa = PBXGroup;
			children = (
				128876B6290E1ACA00E22915 /* iOS-AppArchitecture */,
				128876B5290E1ACA00E22915 /* Products */,
				0EACFF9C431D3389C59791C9 /* Pods */,
				54349AED46FA75393BD3147F /* Frameworks */,
			);
			sourceTree = "<group>";
		};
		128876B5290E1ACA00E22915 /* Products */ = {
			isa = PBXGroup;
			children = (
				128876B4290E1ACA00E22915 /* iOS-AppArchitecture.app */,
			);
			name = Products;
			sourceTree = "<group>";
		};
		128876B6290E1ACA00E22915 /* iOS-AppArchitecture */ = {
			isa = PBXGroup;
			children = (
				128876B7290E1ACA00E22915 /* AppDelegate.swift */,
				128876B9290E1ACA00E22915 /* SceneDelegate.swift */,
				128876BB290E1ACA00E22915 /* ViewController.swift */,
				128876BD290E1ACA00E22915 /* Main.storyboard */,
				128876C0290E1ACB00E22915 /* Assets.xcassets */,
				128876C2290E1ACB00E22915 /* LaunchScreen.storyboard */,
				128876C5290E1ACB00E22915 /* Info.plist */,
			);
			path = "iOS-AppArchitecture";
			sourceTree = "<group>";
		};
		54349AED46FA75393BD3147F /* Frameworks */ = {
			isa = PBXGroup;
			children = (
				692D9814601FC5F94302EA4E /* Pods_iOS_AppArchitecture.framework */,
			);
			name = Frameworks;
			sourceTree = "<group>";
		};
/* End PBXGroup section */

/* Begin PBXNativeTarget section */
		128876B3290E1ACA00E22915 /* iOS-AppArchitecture */ = {
			isa = PBXNativeTarget;
			buildConfigurationList = 128876C8290E1ACB00E22915 /* Build configuration list for PBXNativeTarget "iOS-AppArchitecture" */;
			buildPhases = (
				CEC18A2C636D7A66FB33BA71 /* [CP] Check Pods Manifest.lock */,
				128876B0290E1ACA00E22915 /* Sources */,
				128876B1290E1ACA00E22915 /* Frameworks */,
				128876B2290E1ACA00E22915 /* Resources */,
			);
			buildRules = (
			);
			dependencies = (
			);
			name = "iOS-AppArchitecture";
			productName = "iOS-AppArchitecture";
			productReference = 128876B4290E1ACA00E22915 /* iOS-AppArchitecture.app */;
			productType = "com.apple.product-type.application";
		};
/* End PBXNativeTarget section */

/* Begin PBXProject section */
		128876AC290E1ACA00E22915 /* Project object */ = {
			isa = PBXProject;
			attributes = {
				BuildIndependentTargetsInParallel = 1;
				LastSwiftUpdateCheck = 1340;
				LastUpgradeCheck = 1340;
				TargetAttributes = {
					128876B3290E1ACA00E22915 = {
						CreatedOnToolsVersion = 13.4.1;
					};
				};
			};
			buildConfigurationList = 128876AF290E1ACA00E22915 /* Build configuration list for PBXProject "iOS-AppArchitecture" */;
			compatibilityVersion = "Xcode 13.0";
			developmentRegion = en;
			hasScannedForEncodings = 0;
			knownRegions = (
				en,
				Base,
			);
			mainGroup = 128876AB290E1ACA00E22915;
			productRefGroup = 128876B5290E1ACA00E22915 /* Products */;
			projectDirPath = "";
			projectRoot = "";
			targets = (
				128876B3290E1ACA00E22915 /* iOS-AppArchitecture */,
			);
		};
/* End PBXProject section */

/* Begin PBXResourcesBuildPhase section */
		128876B2290E1ACA00E22915 /* Resources */ = {
			isa = PBXResourcesBuildPhase;
			buildActionMask = 2147483647;
			files = (
				128876C4290E1ACB00E22915 /* LaunchScreen.storyboard in Resources */,
				128876C1290E1ACB00E22915 /* Assets.xcassets in Resources */,
				128876BF290E1ACA00E22915 /* Main.storyboard in Resources */,
			);
			runOnlyForDeploymentPostprocessing = 0;
		};
/* End PBXResourcesBuildPhase section */

/* Begin PBXShellScriptBuildPhase section */
		CEC18A2C636D7A66FB33BA71 /* [CP] Check Pods Manifest.lock */ = {
			isa = PBXShellScriptBuildPhase;
			buildActionMask = 2147483647;
			files = (
			);
			inputFileListPaths = (
			);
			inputPaths = (
				"${PODS_PODFILE_DIR_PATH}/Podfile.lock",
				"${PODS_ROOT}/Manifest.lock",
			);
			name = "[CP] Check Pods Manifest.lock";
			outputFileListPaths = (
			);
			outputPaths = (
				"$(DERIVED_FILE_DIR)/Pods-iOS-AppArchitecture-checkManifestLockResult.txt",
			);
			runOnlyForDeploymentPostprocessing = 0;
			shellPath = /bin/sh;
			shellScript = "diff \"${PODS_PODFILE_DIR_PATH}/Podfile.lock\" \"${PODS_ROOT}/Manifest.lock\" > /dev/null\nif [ $? != 0 ] ; then\n    # print error to STDERR\n    echo \"error: The sandbox is not in sync with the Podfile.lock. Run 'pod install' or update your CocoaPods installation.\" >&2\n    exit 1\nfi\n# This output is used by Xcode 'outputs' to avoid re-running this script phase.\necho \"SUCCESS\" > \"${SCRIPT_OUTPUT_FILE_0}\"\n";
			showEnvVarsInLog = 0;
		};
/* End PBXShellScriptBuildPhase section */

/* Begin PBXSourcesBuildPhase section */
		128876B0290E1ACA00E22915 /* Sources */ = {
			isa = PBXSourcesBuildPhase;
			buildActionMask = 2147483647;
			files = (
				128876BC290E1ACA00E22915 /* ViewController.swift in Sources */,
				128876B8290E1ACA00E22915 /* AppDelegate.swift in Sources */,
				128876BA290E1ACA00E22915 /* SceneDelegate.swift in Sources */,
			);
			runOnlyForDeploymentPostprocessing = 0;
		};
/* End PBXSourcesBuildPhase section */

/* Begin PBXVariantGroup section */
		128876BD290E1ACA00E22915 /* Main.storyboard */ = {
			isa = PBXVariantGroup;
			children = (
				128876BE290E1ACA00E22915 /* Base */,
			);
			name = Main.storyboard;
			sourceTree = "<group>";
		};
		128876C2290E1ACB00E22915 /* LaunchScreen.storyboard */ = {
			isa = PBXVariantGroup;
			children = (
				128876C3290E1ACB00E22915 /* Base */,
			);
			name = LaunchScreen.storyboard;
			sourceTree = "<group>";
		};
/* End PBXVariantGroup section */

/* Begin XCBuildConfiguration section */
		128876C6290E1ACB00E22915 /* Debug */ = {
			isa = XCBuildConfiguration;
			buildSettings = {
				ALWAYS_SEARCH_USER_PATHS = NO;
				CLANG_ANALYZER_NONNULL = YES;
				CLANG_ANALYZER_NUMBER_OBJECT_CONVERSION = YES_AGGRESSIVE;
				CLANG_CXX_LANGUAGE_STANDARD = "gnu++17";
				CLANG_ENABLE_MODULES = YES;
				CLANG_ENABLE_OBJC_ARC = YES;
				CLANG_ENABLE_OBJC_WEAK = YES;
				CLANG_WARN_BLOCK_CAPTURE_AUTORELEASING = YES;
				CLANG_WARN_BOOL_CONVERSION = YES;
				CLANG_WARN_COMMA = YES;
				CLANG_WARN_CONSTANT_CONVERSION = YES;
				CLANG_WARN_DEPRECATED_OBJC_IMPLEMENTATIONS = YES;
				CLANG_WARN_DIRECT_OBJC_ISA_USAGE = YES_ERROR;
				CLANG_WARN_DOCUMENTATION_COMMENTS = YES;
				CLANG_WARN_EMPTY_BODY = YES;
				CLANG_WARN_ENUM_CONVERSION = YES;
				CLANG_WARN_INFINITE_RECURSION = YES;
				CLANG_WARN_INT_CONVERSION = YES;
				CLANG_WARN_NON_LITERAL_NULL_CONVERSION = YES;
				CLANG_WARN_OBJC_IMPLICIT_RETAIN_SELF = YES;
				CLANG_WARN_OBJC_LITERAL_CONVERSION = YES;
				CLANG_WARN_OBJC_ROOT_CLASS = YES_ERROR;
				CLANG_WARN_QUOTED_INCLUDE_IN_FRAMEWORK_HEADER = YES;
				CLANG_WARN_RANGE_LOOP_ANALYSIS = YES;
				CLANG_WARN_STRICT_PROTOTYPES = YES;
				CLANG_WARN_SUSPICIOUS_MOVE = YES;
				CLANG_WARN_UNGUARDED_AVAILABILITY = YES_AGGRESSIVE;
				CLANG_WARN_UNREACHABLE_CODE = YES;
				CLANG_WARN__DUPLICATE_METHOD_MATCH = YES;
				COPY_PHASE_STRIP = NO;
				DEBUG_INFORMATION_FORMAT = dwarf;
				ENABLE_STRICT_OBJC_MSGSEND = YES;
				ENABLE_TESTABILITY = YES;
				GCC_C_LANGUAGE_STANDARD = gnu11;
				GCC_DYNAMIC_NO_PIC = NO;
				GCC_NO_COMMON_BLOCKS = YES;
				GCC_OPTIMIZATION_LEVEL = 0;
				GCC_PREPROCESSOR_DEFINITIONS = (
					"DEBUG=1",
					"$(inherited)",
				);
				GCC_WARN_64_TO_32_BIT_CONVERSION = YES;
				GCC_WARN_ABOUT_RETURN_TYPE = YES_ERROR;
				GCC_WARN_UNDECLARED_SELECTOR = YES;
				GCC_WARN_UNINITIALIZED_AUTOS = YES_AGGRESSIVE;
				GCC_WARN_UNUSED_FUNCTION = YES;
				GCC_WARN_UNUSED_VARIABLE = YES;
				IPHONEOS_DEPLOYMENT_TARGET = 13.0;
				MTL_ENABLE_DEBUG_INFO = INCLUDE_SOURCE;
				MTL_FAST_MATH = YES;
				ONLY_ACTIVE_ARCH = YES;
				SDKROOT = iphoneos;
				SWIFT_ACTIVE_COMPILATION_CONDITIONS = DEBUG;
				SWIFT_OPTIMIZATION_LEVEL = "-Onone";
			};
			name = Debug;
		};
		128876C7290E1ACB00E22915 /* Release */ = {
			isa = XCBuildConfiguration;
			buildSettings = {
				ALWAYS_SEARCH_USER_PATHS = NO;
				CLANG_ANALYZER_NONNULL = YES;
				CLANG_ANALYZER_NUMBER_OBJECT_CONVERSION = YES_AGGRESSIVE;
				CLANG_CXX_LANGUAGE_STANDARD = "gnu++17";
				CLANG_ENABLE_MODULES = YES;
				CLANG_ENABLE_OBJC_ARC = YES;
				CLANG_ENABLE_OBJC_WEAK = YES;
				CLANG_WARN_BLOCK_CAPTURE_AUTORELEASING = YES;
				CLANG_WARN_BOOL_CONVERSION = YES;
				CLANG_WARN_COMMA = YES;
				CLANG_WARN_CONSTANT_CONVERSION = YES;
				CLANG_WARN_DEPRECATED_OBJC_IMPLEMENTATIONS = YES;
				CLANG_WARN_DIRECT_OBJC_ISA_USAGE = YES_ERROR;
				CLANG_WARN_DOCUMENTATION_COMMENTS = YES;
				CLANG_WARN_EMPTY_BODY = YES;
				CLANG_WARN_ENUM_CONVERSION = YES;
				CLANG_WARN_INFINITE_RECURSION = YES;
				CLANG_WARN_INT_CONVERSION = YES;
				CLANG_WARN_NON_LITERAL_NULL_CONVERSION = YES;
				CLANG_WARN_OBJC_IMPLICIT_RETAIN_SELF = YES;
				CLANG_WARN_OBJC_LITERAL_CONVERSION = YES;
				CLANG_WARN_OBJC_ROOT_CLASS = YES_ERROR;
				CLANG_WARN_QUOTED_INCLUDE_IN_FRAMEWORK_HEADER = YES;
				CLANG_WARN_RANGE_LOOP_ANALYSIS = YES;
				CLANG_WARN_STRICT_PROTOTYPES = YES;
				CLANG_WARN_SUSPICIOUS_MOVE = YES;
				CLANG_WARN_UNGUARDED_AVAILABILITY = YES_AGGRESSIVE;
				CLANG_WARN_UNREACHABLE_CODE = YES;
				CLANG_WARN__DUPLICATE_METHOD_MATCH = YES;
				COPY_PHASE_STRIP = NO;
				DEBUG_INFORMATION_FORMAT = "dwarf-with-dsym";
				ENABLE_NS_ASSERTIONS = NO;
				ENABLE_STRICT_OBJC_MSGSEND = YES;
				GCC_C_LANGUAGE_STANDARD = gnu11;
				GCC_NO_COMMON_BLOCKS = YES;
				GCC_WARN_64_TO_32_BIT_CONVERSION = YES;
				GCC_WARN_ABOUT_RETURN_TYPE = YES_ERROR;
				GCC_WARN_UNDECLARED_SELECTOR = YES;
				GCC_WARN_UNINITIALIZED_AUTOS = YES_AGGRESSIVE;
				GCC_WARN_UNUSED_FUNCTION = YES;
				GCC_WARN_UNUSED_VARIABLE = YES;
				IPHONEOS_DEPLOYMENT_TARGET = 13.0;
				MTL_ENABLE_DEBUG_INFO = NO;
				MTL_FAST_MATH = YES;
				SDKROOT = iphoneos;
				SWIFT_COMPILATION_MODE = wholemodule;
				SWIFT_OPTIMIZATION_LEVEL = "-O";
				VALIDATE_PRODUCT = YES;
			};
			name = Release;
		};
		128876C9290E1ACB00E22915 /* Debug */ = {
			isa = XCBuildConfiguration;
			baseConfigurationReference = 9050566548BD0AD4D6062405 /* Pods-iOS-AppArchitecture.debug.xcconfig */;
			buildSettings = {
				ASSETCATALOG_COMPILER_APPICON_NAME = AppIcon;
				ASSETCATALOG_COMPILER_GLOBAL_ACCENT_COLOR_NAME = AccentColor;
				CODE_SIGN_STYLE = Automatic;
				CURRENT_PROJECT_VERSION = 1;
				DEVELOPMENT_TEAM = FZY9HPGWFV;
				GENERATE_INFOPLIST_FILE = YES;
				INFOPLIST_FILE = "iOS-AppArchitecture/Info.plist";
				INFOPLIST_KEY_UIApplicationSupportsIndirectInputEvents = YES;
				INFOPLIST_KEY_UILaunchStoryboardName = LaunchScreen;
				INFOPLIST_KEY_UIMainStoryboardFile = Main;
				INFOPLIST_KEY_UISupportedInterfaceOrientations_iPad = "UIInterfaceOrientationPortrait UIInterfaceOrientationPortraitUpsideDown UIInterfaceOrientationLandscapeLeft UIInterfaceOrientationLandscapeRight";
				INFOPLIST_KEY_UISupportedInterfaceOrientations_iPhone = "UIInterfaceOrientationPortrait UIInterfaceOrientationLandscapeLeft UIInterfaceOrientationLandscapeRight";
				IPHONEOS_DEPLOYMENT_TARGET = 13.0;
				LD_RUNPATH_SEARCH_PATHS = (
					"$(inherited)",
					"@executable_path/Frameworks",
				);
				MARKETING_VERSION = 1.0;
				PRODUCT_BUNDLE_IDENTIFIER = "com.vasanth.iOS-AppArchitecture";
				PRODUCT_NAME = "$(TARGET_NAME)";
				SWIFT_EMIT_LOC_STRINGS = YES;
				SWIFT_VERSION = 5.0;
				TARGETED_DEVICE_FAMILY = "1,2";
			};
			name = Debug;
		};
		128876CA290E1ACB00E22915 /* Release */ = {
			isa = XCBuildConfiguration;
			baseConfigurationReference = FF041887D3287182DF960DF8 /* Pods-iOS-AppArchitecture.release.xcconfig */;
			buildSettings = {
				ASSETCATALOG_COMPILER_APPICON_NAME = AppIcon;
				ASSETCATALOG_COMPILER_GLOBAL_ACCENT_COLOR_NAME = AccentColor;
				CODE_SIGN_STYLE = Automatic;
				CURRENT_PROJECT_VERSION = 1;
				DEVELOPMENT_TEAM = FZY9HPGWFV;
				GENERATE_INFOPLIST_FILE = YES;
				INFOPLIST_FILE = "iOS-AppArchitecture/Info.plist";
				INFOPLIST_KEY_UIApplicationSupportsIndirectInputEvents = YES;
				INFOPLIST_KEY_UILaunchStoryboardName = LaunchScreen;
				INFOPLIST_KEY_UIMainStoryboardFile = Main;
				INFOPLIST_KEY_UISupportedInterfaceOrientations_iPad = "UIInterfaceOrientationPortrait UIInterfaceOrientationPortraitUpsideDown UIInterfaceOrientationLandscapeLeft UIInterfaceOrientationLandscapeRight";
				INFOPLIST_KEY_UISupportedInterfaceOrientations_iPhone = "UIInterfaceOrientationPortrait UIInterfaceOrientationLandscapeLeft UIInterfaceOrientationLandscapeRight";
				IPHONEOS_DEPLOYMENT_TARGET = 13.0;
				LD_RUNPATH_SEARCH_PATHS = (
					"$(inherited)",
					"@executable_path/Frameworks",
				);
				MARKETING_VERSION = 1.0;
				PRODUCT_BUNDLE_IDENTIFIER = "com.vasanth.iOS-AppArchitecture";
				PRODUCT_NAME = "$(TARGET_NAME)";
				SWIFT_EMIT_LOC_STRINGS = YES;
				SWIFT_VERSION = 5.0;
				TARGETED_DEVICE_FAMILY = "1,2";
			};
			name = Release;
		};
/* End XCBuildConfiguration section */

/* Begin XCConfigurationList section */
		128876AF290E1ACA00E22915 /* Build configuration list for PBXProject "iOS-AppArchitecture" */ = {
			isa = XCConfigurationList;
			buildConfigurations = (
				128876C6290E1ACB00E22915 /* Debug */,
				128876C7290E1ACB00E22915 /* Release */,
			);
			defaultConfigurationIsVisible = 0;
			defaultConfigurationName = Release;
		};
		128876C8290E1ACB00E22915 /* Build configuration list for PBXNativeTarget "iOS-AppArchitecture" */ = {
			isa = XCConfigurationList;
			buildConfigurations = (
				128876C9290E1ACB00E22915 /* Debug */,
				128876CA290E1ACB00E22915 /* Release */,
			);
			defaultConfigurationIsVisible = 0;
			defaultConfigurationName = Release;
		};
/* End XCConfigurationList section */
	};
	rootObject = 128876AC290E1ACA00E22915 /* Project object */;
}
