// !$*UTF8*$!
{
	archiveVersion = 1;
	classes = {
	};
	objectVersion = 55;
	objects = {

/* Begin PBXBuildFile section */
		1281F626290F5E0B0065C78F /* UserTableViewCell.swift in Sources */ = {isa = PBXBuildFile; fileRef = 1281F624290F5E0B0065C78F /* UserTableViewCell.swift */; };
		1281F627290F5E0B0065C78F /* UserTableViewCell.xib in Resources */ = {isa = PBXBuildFile; fileRef = 1281F625290F5E0B0065C78F /* UserTableViewCell.xib */; };
		1281F62A290F69950065C78F /* ErrorView.xib in Resources */ = {isa = PBXBuildFile; fileRef = 1281F629290F69950065C78F /* ErrorView.xib */; };
		1281F632290F6CAC0065C78F /* ErrorView.swift in Sources */ = {isa = PBXBuildFile; fileRef = 1281F631290F6CAC0065C78F /* ErrorView.swift */; };
		128876B8290E1ACA00E22915 /* AppDelegate.swift in Sources */ = {isa = PBXBuildFile; fileRef = 128876B7290E1ACA00E22915 /* AppDelegate.swift */; };
		128876BA290E1ACA00E22915 /* SceneDelegate.swift in Sources */ = {isa = PBXBuildFile; fileRef = 128876B9290E1ACA00E22915 /* SceneDelegate.swift */; };
		128876BC290E1ACA00E22915 /* UserListViewController.swift in Sources */ = {isa = PBXBuildFile; fileRef = 128876BB290E1ACA00E22915 /* UserListViewController.swift */; };
		128876BF290E1ACA00E22915 /* Main.storyboard in Resources */ = {isa = PBXBuildFile; fileRef = 128876BD290E1ACA00E22915 /* Main.storyboard */; };
		128876C1290E1ACB00E22915 /* Assets.xcassets in Resources */ = {isa = PBXBuildFile; fileRef = 128876C0290E1ACB00E22915 /* Assets.xcassets */; };
		128876C4290E1ACB00E22915 /* LaunchScreen.storyboard in Resources */ = {isa = PBXBuildFile; fileRef = 128876C2290E1ACB00E22915 /* LaunchScreen.storyboard */; };
		128876EE290E484600E22915 /* Network.framework in Frameworks */ = {isa = PBXBuildFile; fileRef = 128876ED290E484600E22915 /* Network.framework */; };
		128876EF290E484600E22915 /* Network.framework in Embed Frameworks */ = {isa = PBXBuildFile; fileRef = 128876ED290E484600E22915 /* Network.framework */; settings = {ATTRIBUTES = (CodeSignOnCopy, RemoveHeadersOnCopy, ); }; };
		12887725290E5EBB00E22915 /* User.swift in Sources */ = {isa = PBXBuildFile; fileRef = 12887723290E5EBB00E22915 /* User.swift */; };
		12887726290E5EBB00E22915 /* UserListResponse.swift in Sources */ = {isa = PBXBuildFile; fileRef = 12887724290E5EBB00E22915 /* UserListResponse.swift */; };
		12887728290E5ECD00E22915 /* UserRemoteDataSource.swift in Sources */ = {isa = PBXBuildFile; fileRef = 12887727290E5ECD00E22915 /* UserRemoteDataSource.swift */; };
		1288772A290E5EF300E22915 /* CommonCore.framework in Frameworks */ = {isa = PBXBuildFile; fileRef = 12887729290E5EF300E22915 /* CommonCore.framework */; };
		1288772B290E5EF300E22915 /* CommonCore.framework in Embed Frameworks */ = {isa = PBXBuildFile; fileRef = 12887729290E5EF300E22915 /* CommonCore.framework */; settings = {ATTRIBUTES = (CodeSignOnCopy, RemoveHeadersOnCopy, ); }; };
		1288772D290E612F00E22915 /* UserLocalDataSource.swift in Sources */ = {isa = PBXBuildFile; fileRef = 1288772C290E612F00E22915 /* UserLocalDataSource.swift */; };
		12887730290E622100E22915 /* UserRepository.swift in Sources */ = {isa = PBXBuildFile; fileRef = 1288772F290E622000E22915 /* UserRepository.swift */; };
		12887733290E63FB00E22915 /* DataModule.swift in Sources */ = {isa = PBXBuildFile; fileRef = 12887732290E63FB00E22915 /* DataModule.swift */; };
		1288773D290E68A100E22915 /* AppAssembly.swift in Sources */ = {isa = PBXBuildFile; fileRef = 1288773C290E68A100E22915 /* AppAssembly.swift */; };
		12887748290EA76A00E22915 /* GetUserListUseCase.swift in Sources */ = {isa = PBXBuildFile; fileRef = 12887747290EA76A00E22915 /* GetUserListUseCase.swift */; };
		1288774B290EAAD300E22915 /* DomainModule.swift in Sources */ = {isa = PBXBuildFile; fileRef = 1288774A290EAAD300E22915 /* DomainModule.swift */; };
		12887757290EB46800E22915 /* UserUIModel.swift in Sources */ = {isa = PBXBuildFile; fileRef = 12887756290EB46800E22915 /* UserUIModel.swift */; };
		12887759290EB4BD00E22915 /* UserListUIMapper.swift in Sources */ = {isa = PBXBuildFile; fileRef = 12887758290EB4BD00E22915 /* UserListUIMapper.swift */; };
		1288775B290EB73200E22915 /* UserListViewModel.swift in Sources */ = {isa = PBXBuildFile; fileRef = 1288775A290EB73200E22915 /* UserListViewModel.swift */; };
		1288775D290EB76400E22915 /* UserListUIState.swift in Sources */ = {isa = PBXBuildFile; fileRef = 1288775C290EB76400E22915 /* UserListUIState.swift */; };
		12887761290EC19400E22915 /* UserListAssembly.swift in Sources */ = {isa = PBXBuildFile; fileRef = 12887760290EC19400E22915 /* UserListAssembly.swift */; };
		12887763290EC1B600E22915 /* UserListModule.swift in Sources */ = {isa = PBXBuildFile; fileRef = 12887762290EC1B600E22915 /* UserListModule.swift */; };
		6AA3914F2F5D11FBE137C314 /* Pods_iOS_AppArchitecture.framework in Frameworks */ = {isa = PBXBuildFile; fileRef = 692D9814601FC5F94302EA4E /* Pods_iOS_AppArchitecture.framework */; };
/* End PBXBuildFile section */

/* Begin PBXCopyFilesBuildPhase section */
		128876F0290E484600E22915 /* Embed Frameworks */ = {
			isa = PBXCopyFilesBuildPhase;
			buildActionMask = 2147483647;
			dstPath = "";
			dstSubfolderSpec = 10;
			files = (
				1288772B290E5EF300E22915 /* CommonCore.framework in Embed Frameworks */,
				128876EF290E484600E22915 /* Network.framework in Embed Frameworks */,
			);
			name = "Embed Frameworks";
			runOnlyForDeploymentPostprocessing = 0;
		};
/* End PBXCopyFilesBuildPhase section */

/* Begin PBXFileReference section */
		1281F624290F5E0B0065C78F /* UserTableViewCell.swift */ = {isa = PBXFileReference; lastKnownFileType = sourcecode.swift; path = UserTableViewCell.swift; sourceTree = "<group>"; };
		1281F625290F5E0B0065C78F /* UserTableViewCell.xib */ = {isa = PBXFileReference; lastKnownFileType = file.xib; path = UserTableViewCell.xib; sourceTree = "<group>"; };
		1281F629290F69950065C78F /* ErrorView.xib */ = {isa = PBXFileReference; lastKnownFileType = file.xib; path = ErrorView.xib; sourceTree = "<group>"; };
		1281F631290F6CAC0065C78F /* ErrorView.swift */ = {isa = PBXFileReference; lastKnownFileType = sourcecode.swift; path = ErrorView.swift; sourceTree = "<group>"; };
		128876B4290E1ACA00E22915 /* iOS-AppArchitecture.app */ = {isa = PBXFileReference; explicitFileType = wrapper.application; includeInIndex = 0; path = "iOS-AppArchitecture.app"; sourceTree = BUILT_PRODUCTS_DIR; };
		128876B7290E1ACA00E22915 /* AppDelegate.swift */ = {isa = PBXFileReference; lastKnownFileType = sourcecode.swift; path = AppDelegate.swift; sourceTree = "<group>"; };
		128876B9290E1ACA00E22915 /* SceneDelegate.swift */ = {isa = PBXFileReference; lastKnownFileType = sourcecode.swift; path = SceneDelegate.swift; sourceTree = "<group>"; };
		128876BB290E1ACA00E22915 /* UserListViewController.swift */ = {isa = PBXFileReference; lastKnownFileType = sourcecode.swift; path = UserListViewController.swift; sourceTree = "<group>"; };
		128876BE290E1ACA00E22915 /* Base */ = {isa = PBXFileReference; lastKnownFileType = file.storyboard; name = Base; path = Base.lproj/Main.storyboard; sourceTree = "<group>"; };
		128876C0290E1ACB00E22915 /* Assets.xcassets */ = {isa = PBXFileReference; lastKnownFileType = folder.assetcatalog; path = Assets.xcassets; sourceTree = "<group>"; };
		128876C3290E1ACB00E22915 /* Base */ = {isa = PBXFileReference; lastKnownFileType = file.storyboard; name = Base; path = Base.lproj/LaunchScreen.storyboard; sourceTree = "<group>"; };
		128876C5290E1ACB00E22915 /* Info.plist */ = {isa = PBXFileReference; lastKnownFileType = text.plist.xml; path = Info.plist; sourceTree = "<group>"; };
		128876ED290E484600E22915 /* Network.framework */ = {isa = PBXFileReference; explicitFileType = wrapper.framework; path = Network.framework; sourceTree = BUILT_PRODUCTS_DIR; };
		12887723290E5EBB00E22915 /* User.swift */ = {isa = PBXFileReference; fileEncoding = 4; lastKnownFileType = sourcecode.swift; path = User.swift; sourceTree = "<group>"; };
		12887724290E5EBB00E22915 /* UserListResponse.swift */ = {isa = PBXFileReference; fileEncoding = 4; lastKnownFileType = sourcecode.swift; path = UserListResponse.swift; sourceTree = "<group>"; };
		12887727290E5ECD00E22915 /* UserRemoteDataSource.swift */ = {isa = PBXFileReference; lastKnownFileType = sourcecode.swift; path = UserRemoteDataSource.swift; sourceTree = "<group>"; };
		12887729290E5EF300E22915 /* CommonCore.framework */ = {isa = PBXFileReference; explicitFileType = wrapper.framework; path = CommonCore.framework; sourceTree = BUILT_PRODUCTS_DIR; };
		1288772C290E612F00E22915 /* UserLocalDataSource.swift */ = {isa = PBXFileReference; lastKnownFileType = sourcecode.swift; path = UserLocalDataSource.swift; sourceTree = "<group>"; };
		1288772F290E622000E22915 /* UserRepository.swift */ = {isa = PBXFileReference; lastKnownFileType = sourcecode.swift; path = UserRepository.swift; sourceTree = "<group>"; };
		12887732290E63FB00E22915 /* DataModule.swift */ = {isa = PBXFileReference; lastKnownFileType = sourcecode.swift; path = DataModule.swift; sourceTree = "<group>"; };
		1288773C290E68A100E22915 /* AppAssembly.swift */ = {isa = PBXFileReference; lastKnownFileType = sourcecode.swift; path = AppAssembly.swift; sourceTree = "<group>"; };
		12887747290EA76A00E22915 /* GetUserListUseCase.swift */ = {isa = PBXFileReference; lastKnownFileType = sourcecode.swift; path = GetUserListUseCase.swift; sourceTree = "<group>"; };
		1288774A290EAAD300E22915 /* DomainModule.swift */ = {isa = PBXFileReference; lastKnownFileType = sourcecode.swift; path = DomainModule.swift; sourceTree = "<group>"; };
		12887756290EB46800E22915 /* UserUIModel.swift */ = {isa = PBXFileReference; lastKnownFileType = sourcecode.swift; path = UserUIModel.swift; sourceTree = "<group>"; };
		12887758290EB4BD00E22915 /* UserListUIMapper.swift */ = {isa = PBXFileReference; lastKnownFileType = sourcecode.swift; path = UserListUIMapper.swift; sourceTree = "<group>"; };
		1288775A290EB73200E22915 /* UserListViewModel.swift */ = {isa = PBXFileReference; lastKnownFileType = sourcecode.swift; path = UserListViewModel.swift; sourceTree = "<group>"; };
		1288775C290EB76400E22915 /* UserListUIState.swift */ = {isa = PBXFileReference; lastKnownFileType = sourcecode.swift; path = UserListUIState.swift; sourceTree = "<group>"; };
		12887760290EC19400E22915 /* UserListAssembly.swift */ = {isa = PBXFileReference; lastKnownFileType = sourcecode.swift; path = UserListAssembly.swift; sourceTree = "<group>"; };
		12887762290EC1B600E22915 /* UserListModule.swift */ = {isa = PBXFileReference; lastKnownFileType = sourcecode.swift; path = UserListModule.swift; sourceTree = "<group>"; };
		692D9814601FC5F94302EA4E /* Pods_iOS_AppArchitecture.framework */ = {isa = PBXFileReference; explicitFileType = wrapper.framework; includeInIndex = 0; path = Pods_iOS_AppArchitecture.framework; sourceTree = BUILT_PRODUCTS_DIR; };
		9050566548BD0AD4D6062405 /* Pods-iOS-AppArchitecture.debug.xcconfig */ = {isa = PBXFileReference; includeInIndex = 1; lastKnownFileType = text.xcconfig; name = "Pods-iOS-AppArchitecture.debug.xcconfig"; path = "Target Support Files/Pods-iOS-AppArchitecture/Pods-iOS-AppArchitecture.debug.xcconfig"; sourceTree = "<group>"; };
		FF041887D3287182DF960DF8 /* Pods-iOS-AppArchitecture.release.xcconfig */ = {isa = PBXFileReference; includeInIndex = 1; lastKnownFileType = text.xcconfig; name = "Pods-iOS-AppArchitecture.release.xcconfig"; path = "Target Support Files/Pods-iOS-AppArchitecture/Pods-iOS-AppArchitecture.release.xcconfig"; sourceTree = "<group>"; };
/* End PBXFileReference section */

/* Begin PBXFrameworksBuildPhase section */
		128876B1290E1ACA00E22915 /* Frameworks */ = {
			isa = PBXFrameworksBuildPhase;
			buildActionMask = 2147483647;
			files = (
				1288772A290E5EF300E22915 /* CommonCore.framework in Frameworks */,
				6AA3914F2F5D11FBE137C314 /* Pods_iOS_AppArchitecture.framework in Frameworks */,
				128876EE290E484600E22915 /* Network.framework in Frameworks */,
			);
			runOnlyForDeploymentPostprocessing = 0;
		};
/* End PBXFrameworksBuildPhase section */

/* Begin PBXGroup section */
		0EACFF9C431D3389C59791C9 /* Pods */ = {
			isa = PBXGroup;
			children = (
				9050566548BD0AD4D6062405 /* Pods-iOS-AppArchitecture.debug.xcconfig */,
				FF041887D3287182DF960DF8 /* Pods-iOS-AppArchitecture.release.xcconfig */,
			);
			path = Pods;
			sourceTree = "<group>";
		};
		1281F61F290F577D0065C78F /* View */ = {
			isa = PBXGroup;
			children = (
				1281F621290F57920065C78F /* StoryBoard */,
				1281F622290F5D480065C78F /* View */,
				1281F620290F578B0065C78F /* ViewController */,
			);
			path = View;
			sourceTree = "<group>";
		};
		1281F620290F578B0065C78F /* ViewController */ = {
			isa = PBXGroup;
			children = (
				128876BB290E1ACA00E22915 /* UserListViewController.swift */,
			);
			path = ViewController;
			sourceTree = "<group>";
		};
		1281F621290F57920065C78F /* StoryBoard */ = {
			isa = PBXGroup;
			children = (
				128876BD290E1ACA00E22915 /* Main.storyboard */,
			);
			path = StoryBoard;
			sourceTree = "<group>";
		};
		1281F622290F5D480065C78F /* View */ = {
			isa = PBXGroup;
			children = (
				1281F628290F697B0065C78F /* Error */,
				1281F623290F5D660065C78F /* UserCell */,
			);
			path = View;
			sourceTree = "<group>";
		};
		1281F623290F5D660065C78F /* UserCell */ = {
			isa = PBXGroup;
			children = (
				1281F624290F5E0B0065C78F /* UserTableViewCell.swift */,
				1281F625290F5E0B0065C78F /* UserTableViewCell.xib */,
			);
			path = UserCell;
			sourceTree = "<group>";
		};
		1281F628290F697B0065C78F /* Error */ = {
			isa = PBXGroup;
			children = (
				1281F629290F69950065C78F /* ErrorView.xib */,
				1281F631290F6CAC0065C78F /* ErrorView.swift */,
			);
			path = Error;
			sourceTree = "<group>";
		};
		128876AB290E1ACA00E22915 = {
			isa = PBXGroup;
			children = (
				128876B6290E1ACA00E22915 /* iOS-AppArchitecture */,
				128876B5290E1ACA00E22915 /* Products */,
				0EACFF9C431D3389C59791C9 /* Pods */,
				54349AED46FA75393BD3147F /* Frameworks */,
			);
			sourceTree = "<group>";
		};
		128876B5290E1ACA00E22915 /* Products */ = {
			isa = PBXGroup;
			children = (
				128876B4290E1ACA00E22915 /* iOS-AppArchitecture.app */,
			);
			name = Products;
			sourceTree = "<group>";
		};
		128876B6290E1ACA00E22915 /* iOS-AppArchitecture */ = {
			isa = PBXGroup;
			children = (
				128876F1290E487000E22915 /* Source */,
				128876F3290E499B00E22915 /* Resources */,
				128876C5290E1ACB00E22915 /* Info.plist */,
			);
			path = "iOS-AppArchitecture";
			sourceTree = "<group>";
		};
		128876F1290E487000E22915 /* Source */ = {
			isa = PBXGroup;
			children = (
				128876F2290E487A00E22915 /* App */,
				1288771C290E5E0E00E22915 /* Data */,
				1288773B290E688D00E22915 /* DI */,
				12887741290EA36D00E22915 /* Domain */,
				128876F4290E49B200E22915 /* UI */,
			);
			path = Source;
			sourceTree = "<group>";
		};
		128876F2290E487A00E22915 /* App */ = {
			isa = PBXGroup;
			children = (
				128876B7290E1ACA00E22915 /* AppDelegate.swift */,
			);
			path = App;
			sourceTree = "<group>";
		};
		128876F3290E499B00E22915 /* Resources */ = {
			isa = PBXGroup;
			children = (
				128876C0290E1ACB00E22915 /* Assets.xcassets */,
			);
			path = Resources;
			sourceTree = "<group>";
		};
		128876F4290E49B200E22915 /* UI */ = {
			isa = PBXGroup;
			children = (
				1288775E290EC13A00E22915 /* UserList */,
				128876F5290E49BB00E22915 /* Others */,
			);
			path = UI;
			sourceTree = "<group>";
		};
		128876F5290E49BB00E22915 /* Others */ = {
			isa = PBXGroup;
			children = (
				128876B9290E1ACA00E22915 /* SceneDelegate.swift */,
				128876C2290E1ACB00E22915 /* LaunchScreen.storyboard */,
			);
			path = Others;
			sourceTree = "<group>";
		};
		1288771C290E5E0E00E22915 /* Data */ = {
			isa = PBXGroup;
			children = (
				1288771D290E5E2600E22915 /* DataSource */,
				12887731290E63CA00E22915 /* DI */,
				12887722290E5E8500E22915 /* Model */,
				1288772E290E620300E22915 /* Repository */,
			);
			path = Data;
			sourceTree = "<group>";
		};
		1288771D290E5E2600E22915 /* DataSource */ = {
			isa = PBXGroup;
			children = (
				1288771F290E5E3900E22915 /* Local */,
				1288771E290E5E2F00E22915 /* Remote */,
			);
			path = DataSource;
			sourceTree = "<group>";
		};
		1288771E290E5E2F00E22915 /* Remote */ = {
			isa = PBXGroup;
			children = (
				12887727290E5ECD00E22915 /* UserRemoteDataSource.swift */,
			);
			path = Remote;
			sourceTree = "<group>";
		};
		1288771F290E5E3900E22915 /* Local */ = {
			isa = PBXGroup;
			children = (
				1288772C290E612F00E22915 /* UserLocalDataSource.swift */,
			);
			path = Local;
			sourceTree = "<group>";
		};
		12887722290E5E8500E22915 /* Model */ = {
			isa = PBXGroup;
			children = (
				12887723290E5EBB00E22915 /* User.swift */,
				12887724290E5EBB00E22915 /* UserListResponse.swift */,
			);
			path = Model;
			sourceTree = "<group>";
		};
		1288772E290E620300E22915 /* Repository */ = {
			isa = PBXGroup;
			children = (
				1288772F290E622000E22915 /* UserRepository.swift */,
			);
			path = Repository;
			sourceTree = "<group>";
		};
		12887731290E63CA00E22915 /* DI */ = {
			isa = PBXGroup;
			children = (
				12887732290E63FB00E22915 /* DataModule.swift */,
			);
			path = DI;
			sourceTree = "<group>";
		};
		1288773B290E688D00E22915 /* DI */ = {
			isa = PBXGroup;
			children = (
				1288773C290E68A100E22915 /* AppAssembly.swift */,
			);
			path = DI;
			sourceTree = "<group>";
		};
		12887741290EA36D00E22915 /* Domain */ = {
			isa = PBXGroup;
			children = (
				12887749290EAAC500E22915 /* DI */,
				12887742290EA37A00E22915 /* UseCase */,
			);
			path = Domain;
			sourceTree = "<group>";
		};
		12887742290EA37A00E22915 /* UseCase */ = {
			isa = PBXGroup;
			children = (
				12887747290EA76A00E22915 /* GetUserListUseCase.swift */,
			);
			path = UseCase;
			sourceTree = "<group>";
		};
		12887749290EAAC500E22915 /* DI */ = {
			isa = PBXGroup;
			children = (
				1288774A290EAAD300E22915 /* DomainModule.swift */,
			);
			path = DI;
			sourceTree = "<group>";
		};
		12887752290EB1D400E22915 /* ViewModel */ = {
			isa = PBXGroup;
			children = (
				12887754290EB1E200E22915 /* Mapper */,
				12887755290EB44D00E22915 /* Model */,
				1288775A290EB73200E22915 /* UserListViewModel.swift */,
			);
			path = ViewModel;
			sourceTree = "<group>";
		};
		12887754290EB1E200E22915 /* Mapper */ = {
			isa = PBXGroup;
			children = (
				12887758290EB4BD00E22915 /* UserListUIMapper.swift */,
			);
			path = Mapper;
			sourceTree = "<group>";
		};
		12887755290EB44D00E22915 /* Model */ = {
			isa = PBXGroup;
			children = (
				12887756290EB46800E22915 /* UserUIModel.swift */,
				1288775C290EB76400E22915 /* UserListUIState.swift */,
			);
			path = Model;
			sourceTree = "<group>";
		};
		1288775E290EC13A00E22915 /* UserList */ = {
			isa = PBXGroup;
			children = (
				1281F61F290F577D0065C78F /* View */,
				1288775F290EC16B00E22915 /* DI */,
				12887752290EB1D400E22915 /* ViewModel */,
			);
			path = UserList;
			sourceTree = "<group>";
		};
		1288775F290EC16B00E22915 /* DI */ = {
			isa = PBXGroup;
			children = (
				12887760290EC19400E22915 /* UserListAssembly.swift */,
				12887762290EC1B600E22915 /* UserListModule.swift */,
			);
			path = DI;
			sourceTree = "<group>";
		};
		54349AED46FA75393BD3147F /* Frameworks */ = {
			isa = PBXGroup;
			children = (
				12887729290E5EF300E22915 /* CommonCore.framework */,
				128876ED290E484600E22915 /* Network.framework */,
				692D9814601FC5F94302EA4E /* Pods_iOS_AppArchitecture.framework */,
			);
			name = Frameworks;
			sourceTree = "<group>";
		};
/* End PBXGroup section */

/* Begin PBXNativeTarget section */
		128876B3290E1ACA00E22915 /* iOS-AppArchitecture */ = {
			isa = PBXNativeTarget;
			buildConfigurationList = 128876C8290E1ACB00E22915 /* Build configuration list for PBXNativeTarget "iOS-AppArchitecture" */;
			buildPhases = (
				CEC18A2C636D7A66FB33BA71 /* [CP] Check Pods Manifest.lock */,
				128876B0290E1ACA00E22915 /* Sources */,
				128876B1290E1ACA00E22915 /* Frameworks */,
				128876B2290E1ACA00E22915 /* Resources */,
				128876F0290E484600E22915 /* Embed Frameworks */,
				1546DCD6A44A9B4F93297022 /* [CP] Embed Pods Frameworks */,
			);
			buildRules = (
			);
			dependencies = (
			);
			name = "iOS-AppArchitecture";
			productName = "iOS-AppArchitecture";
			productReference = 128876B4290E1ACA00E22915 /* iOS-AppArchitecture.app */;
			productType = "com.apple.product-type.application";
		};
/* End PBXNativeTarget section */

/* Begin PBXProject section */
		128876AC290E1ACA00E22915 /* Project object */ = {
			isa = PBXProject;
			attributes = {
				BuildIndependentTargetsInParallel = 1;
				LastSwiftUpdateCheck = 1340;
				LastUpgradeCheck = 1340;
				TargetAttributes = {
					128876B3290E1ACA00E22915 = {
						CreatedOnToolsVersion = 13.4.1;
					};
				};
			};
			buildConfigurationList = 128876AF290E1ACA00E22915 /* Build configuration list for PBXProject "iOS-AppArchitecture" */;
			compatibilityVersion = "Xcode 13.0";
			developmentRegion = en;
			hasScannedForEncodings = 0;
			knownRegions = (
				en,
				Base,
			);
			mainGroup = 128876AB290E1ACA00E22915;
			productRefGroup = 128876B5290E1ACA00E22915 /* Products */;
			projectDirPath = "";
			projectRoot = "";
			targets = (
				128876B3290E1ACA00E22915 /* iOS-AppArchitecture */,
			);
		};
/* End PBXProject section */

/* Begin PBXResourcesBuildPhase section */
		128876B2290E1ACA00E22915 /* Resources */ = {
			isa = PBXResourcesBuildPhase;
			buildActionMask = 2147483647;
			files = (
				1281F627290F5E0B0065C78F /* UserTableViewCell.xib in Resources */,
				128876C4290E1ACB00E22915 /* LaunchScreen.storyboard in Resources */,
				128876C1290E1ACB00E22915 /* Assets.xcassets in Resources */,
				128876BF290E1ACA00E22915 /* Main.storyboard in Resources */,
				1281F62A290F69950065C78F /* ErrorView.xib in Resources */,
			);
			runOnlyForDeploymentPostprocessing = 0;
		};
/* End PBXResourcesBuildPhase section */

/* Begin PBXShellScriptBuildPhase section */
		1546DCD6A44A9B4F93297022 /* [CP] Embed Pods Frameworks */ = {
			isa = PBXShellScriptBuildPhase;
			buildActionMask = 2147483647;
			files = (
			);
			inputFileListPaths = (
				"${PODS_ROOT}/Target Support Files/Pods-iOS-AppArchitecture/Pods-iOS-AppArchitecture-frameworks-${CONFIGURATION}-input-files.xcfilelist",
			);
			name = "[CP] Embed Pods Frameworks";
			outputFileListPaths = (
				"${PODS_ROOT}/Target Support Files/Pods-iOS-AppArchitecture/Pods-iOS-AppArchitecture-frameworks-${CONFIGURATION}-output-files.xcfilelist",
			);
			runOnlyForDeploymentPostprocessing = 0;
			shellPath = /bin/sh;
			shellScript = "\"${PODS_ROOT}/Target Support Files/Pods-iOS-AppArchitecture/Pods-iOS-AppArchitecture-frameworks.sh\"\n";
			showEnvVarsInLog = 0;
		};
		CEC18A2C636D7A66FB33BA71 /* [CP] Check Pods Manifest.lock */ = {
			isa = PBXShellScriptBuildPhase;
			buildActionMask = 2147483647;
			files = (
			);
			inputFileListPaths = (
			);
			inputPaths = (
				"${PODS_PODFILE_DIR_PATH}/Podfile.lock",
				"${PODS_ROOT}/Manifest.lock",
			);
			name = "[CP] Check Pods Manifest.lock";
			outputFileListPaths = (
			);
			outputPaths = (
				"$(DERIVED_FILE_DIR)/Pods-iOS-AppArchitecture-checkManifestLockResult.txt",
			);
			runOnlyForDeploymentPostprocessing = 0;
			shellPath = /bin/sh;
			shellScript = "diff \"${PODS_PODFILE_DIR_PATH}/Podfile.lock\" \"${PODS_ROOT}/Manifest.lock\" > /dev/null\nif [ $? != 0 ] ; then\n    # print error to STDERR\n    echo \"error: The sandbox is not in sync with the Podfile.lock. Run 'pod install' or update your CocoaPods installation.\" >&2\n    exit 1\nfi\n# This output is used by Xcode 'outputs' to avoid re-running this script phase.\necho \"SUCCESS\" > \"${SCRIPT_OUTPUT_FILE_0}\"\n";
			showEnvVarsInLog = 0;
		};
/* End PBXShellScriptBuildPhase section */

/* Begin PBXSourcesBuildPhase section */
		128876B0290E1ACA00E22915 /* Sources */ = {
			isa = PBXSourcesBuildPhase;
			buildActionMask = 2147483647;
			files = (
				12887726290E5EBB00E22915 /* UserListResponse.swift in Sources */,
				12887725290E5EBB00E22915 /* User.swift in Sources */,
				128876BC290E1ACA00E22915 /* UserListViewController.swift in Sources */,
				1288774B290EAAD300E22915 /* DomainModule.swift in Sources */,
				12887761290EC19400E22915 /* UserListAssembly.swift in Sources */,
				1288775B290EB73200E22915 /* UserListViewModel.swift in Sources */,
				12887763290EC1B600E22915 /* UserListModule.swift in Sources */,
				12887757290EB46800E22915 /* UserUIModel.swift in Sources */,
				12887748290EA76A00E22915 /* GetUserListUseCase.swift in Sources */,
				12887728290E5ECD00E22915 /* UserRemoteDataSource.swift in Sources */,
				128876B8290E1ACA00E22915 /* AppDelegate.swift in Sources */,
				12887733290E63FB00E22915 /* DataModule.swift in Sources */,
				1281F626290F5E0B0065C78F /* UserTableViewCell.swift in Sources */,
				1288775D290EB76400E22915 /* UserListUIState.swift in Sources */,
				128876BA290E1ACA00E22915 /* SceneDelegate.swift in Sources */,
				1281F632290F6CAC0065C78F /* ErrorView.swift in Sources */,
				1288773D290E68A100E22915 /* AppAssembly.swift in Sources */,
				12887759290EB4BD00E22915 /* UserListUIMapper.swift in Sources */,
				12887730290E622100E22915 /* UserRepository.swift in Sources */,
				1288772D290E612F00E22915 /* UserLocalDataSource.swift in Sources */,
			);
			runOnlyForDeploymentPostprocessing = 0;
		};
/* End PBXSourcesBuildPhase section */

/* Begin PBXVariantGroup section */
		128876BD290E1ACA00E22915 /* Main.storyboard */ = {
			isa = PBXVariantGroup;
			children = (
				128876BE290E1ACA00E22915 /* Base */,
			);
			name = Main.storyboard;
			sourceTree = "<group>";
		};
		128876C2290E1ACB00E22915 /* LaunchScreen.storyboard */ = {
			isa = PBXVariantGroup;
			children = (
				128876C3290E1ACB00E22915 /* Base */,
			);
			name = LaunchScreen.storyboard;
			sourceTree = "<group>";
		};
/* End PBXVariantGroup section */

/* Begin XCBuildConfiguration section */
		128876C6290E1ACB00E22915 /* Debug */ = {
			isa = XCBuildConfiguration;
			buildSettings = {
				ALWAYS_SEARCH_USER_PATHS = NO;
				CLANG_ANALYZER_NONNULL = YES;
				CLANG_ANALYZER_NUMBER_OBJECT_CONVERSION = YES_AGGRESSIVE;
				CLANG_CXX_LANGUAGE_STANDARD = "gnu++17";
				CLANG_ENABLE_MODULES = YES;
				CLANG_ENABLE_OBJC_ARC = YES;
				CLANG_ENABLE_OBJC_WEAK = YES;
				CLANG_WARN_BLOCK_CAPTURE_AUTORELEASING = YES;
				CLANG_WARN_BOOL_CONVERSION = YES;
				CLANG_WARN_COMMA = YES;
				CLANG_WARN_CONSTANT_CONVERSION = YES;
				CLANG_WARN_DEPRECATED_OBJC_IMPLEMENTATIONS = YES;
				CLANG_WARN_DIRECT_OBJC_ISA_USAGE = YES_ERROR;
				CLANG_WARN_DOCUMENTATION_COMMENTS = YES;
				CLANG_WARN_EMPTY_BODY = YES;
				CLANG_WARN_ENUM_CONVERSION = YES;
				CLANG_WARN_INFINITE_RECURSION = YES;
				CLANG_WARN_INT_CONVERSION = YES;
				CLANG_WARN_NON_LITERAL_NULL_CONVERSION = YES;
				CLANG_WARN_OBJC_IMPLICIT_RETAIN_SELF = YES;
				CLANG_WARN_OBJC_LITERAL_CONVERSION = YES;
				CLANG_WARN_OBJC_ROOT_CLASS = YES_ERROR;
				CLANG_WARN_QUOTED_INCLUDE_IN_FRAMEWORK_HEADER = YES;
				CLANG_WARN_RANGE_LOOP_ANALYSIS = YES;
				CLANG_WARN_STRICT_PROTOTYPES = YES;
				CLANG_WARN_SUSPICIOUS_MOVE = YES;
				CLANG_WARN_UNGUARDED_AVAILABILITY = YES_AGGRESSIVE;
				CLANG_WARN_UNREACHABLE_CODE = YES;
				CLANG_WARN__DUPLICATE_METHOD_MATCH = YES;
				COPY_PHASE_STRIP = NO;
				DEBUG_INFORMATION_FORMAT = dwarf;
				ENABLE_STRICT_OBJC_MSGSEND = YES;
				ENABLE_TESTABILITY = YES;
				GCC_C_LANGUAGE_STANDARD = gnu11;
				GCC_DYNAMIC_NO_PIC = NO;
				GCC_NO_COMMON_BLOCKS = YES;
				GCC_OPTIMIZATION_LEVEL = 0;
				GCC_PREPROCESSOR_DEFINITIONS = (
					"DEBUG=1",
					"$(inherited)",
				);
				GCC_WARN_64_TO_32_BIT_CONVERSION = YES;
				GCC_WARN_ABOUT_RETURN_TYPE = YES_ERROR;
				GCC_WARN_UNDECLARED_SELECTOR = YES;
				GCC_WARN_UNINITIALIZED_AUTOS = YES_AGGRESSIVE;
				GCC_WARN_UNUSED_FUNCTION = YES;
				GCC_WARN_UNUSED_VARIABLE = YES;
				IPHONEOS_DEPLOYMENT_TARGET = 13.0;
				MTL_ENABLE_DEBUG_INFO = INCLUDE_SOURCE;
				MTL_FAST_MATH = YES;
				ONLY_ACTIVE_ARCH = YES;
				SDKROOT = iphoneos;
				SWIFT_ACTIVE_COMPILATION_CONDITIONS = DEBUG;
				SWIFT_OPTIMIZATION_LEVEL = "-Onone";
			};
			name = Debug;
		};
		128876C7290E1ACB00E22915 /* Release */ = {
			isa = XCBuildConfiguration;
			buildSettings = {
				ALWAYS_SEARCH_USER_PATHS = NO;
				CLANG_ANALYZER_NONNULL = YES;
				CLANG_ANALYZER_NUMBER_OBJECT_CONVERSION = YES_AGGRESSIVE;
				CLANG_CXX_LANGUAGE_STANDARD = "gnu++17";
				CLANG_ENABLE_MODULES = YES;
				CLANG_ENABLE_OBJC_ARC = YES;
				CLANG_ENABLE_OBJC_WEAK = YES;
				CLANG_WARN_BLOCK_CAPTURE_AUTORELEASING = YES;
				CLANG_WARN_BOOL_CONVERSION = YES;
				CLANG_WARN_COMMA = YES;
				CLANG_WARN_CONSTANT_CONVERSION = YES;
				CLANG_WARN_DEPRECATED_OBJC_IMPLEMENTATIONS = YES;
				CLANG_WARN_DIRECT_OBJC_ISA_USAGE = YES_ERROR;
				CLANG_WARN_DOCUMENTATION_COMMENTS = YES;
				CLANG_WARN_EMPTY_BODY = YES;
				CLANG_WARN_ENUM_CONVERSION = YES;
				CLANG_WARN_INFINITE_RECURSION = YES;
				CLANG_WARN_INT_CONVERSION = YES;
				CLANG_WARN_NON_LITERAL_NULL_CONVERSION = YES;
				CLANG_WARN_OBJC_IMPLICIT_RETAIN_SELF = YES;
				CLANG_WARN_OBJC_LITERAL_CONVERSION = YES;
				CLANG_WARN_OBJC_ROOT_CLASS = YES_ERROR;
				CLANG_WARN_QUOTED_INCLUDE_IN_FRAMEWORK_HEADER = YES;
				CLANG_WARN_RANGE_LOOP_ANALYSIS = YES;
				CLANG_WARN_STRICT_PROTOTYPES = YES;
				CLANG_WARN_SUSPICIOUS_MOVE = YES;
				CLANG_WARN_UNGUARDED_AVAILABILITY = YES_AGGRESSIVE;
				CLANG_WARN_UNREACHABLE_CODE = YES;
				CLANG_WARN__DUPLICATE_METHOD_MATCH = YES;
				COPY_PHASE_STRIP = NO;
				DEBUG_INFORMATION_FORMAT = "dwarf-with-dsym";
				ENABLE_NS_ASSERTIONS = NO;
				ENABLE_STRICT_OBJC_MSGSEND = YES;
				GCC_C_LANGUAGE_STANDARD = gnu11;
				GCC_NO_COMMON_BLOCKS = YES;
				GCC_WARN_64_TO_32_BIT_CONVERSION = YES;
				GCC_WARN_ABOUT_RETURN_TYPE = YES_ERROR;
				GCC_WARN_UNDECLARED_SELECTOR = YES;
				GCC_WARN_UNINITIALIZED_AUTOS = YES_AGGRESSIVE;
				GCC_WARN_UNUSED_FUNCTION = YES;
				GCC_WARN_UNUSED_VARIABLE = YES;
				IPHONEOS_DEPLOYMENT_TARGET = 13.0;
				MTL_ENABLE_DEBUG_INFO = NO;
				MTL_FAST_MATH = YES;
				SDKROOT = iphoneos;
				SWIFT_COMPILATION_MODE = wholemodule;
				SWIFT_OPTIMIZATION_LEVEL = "-O";
				VALIDATE_PRODUCT = YES;
			};
			name = Release;
		};
		128876C9290E1ACB00E22915 /* Debug */ = {
			isa = XCBuildConfiguration;
			baseConfigurationReference = 9050566548BD0AD4D6062405 /* Pods-iOS-AppArchitecture.debug.xcconfig */;
			buildSettings = {
				ASSETCATALOG_COMPILER_APPICON_NAME = AppIcon;
				ASSETCATALOG_COMPILER_GLOBAL_ACCENT_COLOR_NAME = AccentColor;
				CODE_SIGN_STYLE = Automatic;
				CURRENT_PROJECT_VERSION = 1;
				DEVELOPMENT_TEAM = FZY9HPGWFV;
				GENERATE_INFOPLIST_FILE = YES;
				INFOPLIST_FILE = "iOS-AppArchitecture/Info.plist";
				INFOPLIST_KEY_UIApplicationSupportsIndirectInputEvents = YES;
				INFOPLIST_KEY_UILaunchStoryboardName = LaunchScreen;
				INFOPLIST_KEY_UIMainStoryboardFile = Main;
				INFOPLIST_KEY_UISupportedInterfaceOrientations_iPad = "UIInterfaceOrientationPortrait UIInterfaceOrientationPortraitUpsideDown UIInterfaceOrientationLandscapeLeft UIInterfaceOrientationLandscapeRight";
				INFOPLIST_KEY_UISupportedInterfaceOrientations_iPhone = "UIInterfaceOrientationPortrait UIInterfaceOrientationLandscapeLeft UIInterfaceOrientationLandscapeRight";
				IPHONEOS_DEPLOYMENT_TARGET = 13.0;
				LD_RUNPATH_SEARCH_PATHS = (
					"$(inherited)",
					"@executable_path/Frameworks",
				);
				MARKETING_VERSION = 1.0;
				PRODUCT_BUNDLE_IDENTIFIER = "com.vasanth.iOS-AppArchitecture";
				PRODUCT_NAME = "$(TARGET_NAME)";
				SWIFT_EMIT_LOC_STRINGS = YES;
				SWIFT_VERSION = 5.0;
				TARGETED_DEVICE_FAMILY = "1,2";
			};
			name = Debug;
		};
		128876CA290E1ACB00E22915 /* Release */ = {
			isa = XCBuildConfiguration;
			baseConfigurationReference = FF041887D3287182DF960DF8 /* Pods-iOS-AppArchitecture.release.xcconfig */;
			buildSettings = {
				ASSETCATALOG_COMPILER_APPICON_NAME = AppIcon;
				ASSETCATALOG_COMPILER_GLOBAL_ACCENT_COLOR_NAME = AccentColor;
				CODE_SIGN_STYLE = Automatic;
				CURRENT_PROJECT_VERSION = 1;
				DEVELOPMENT_TEAM = FZY9HPGWFV;
				GENERATE_INFOPLIST_FILE = YES;
				INFOPLIST_FILE = "iOS-AppArchitecture/Info.plist";
				INFOPLIST_KEY_UIApplicationSupportsIndirectInputEvents = YES;
				INFOPLIST_KEY_UILaunchStoryboardName = LaunchScreen;
				INFOPLIST_KEY_UIMainStoryboardFile = Main;
				INFOPLIST_KEY_UISupportedInterfaceOrientations_iPad = "UIInterfaceOrientationPortrait UIInterfaceOrientationPortraitUpsideDown UIInterfaceOrientationLandscapeLeft UIInterfaceOrientationLandscapeRight";
				INFOPLIST_KEY_UISupportedInterfaceOrientations_iPhone = "UIInterfaceOrientationPortrait UIInterfaceOrientationLandscapeLeft UIInterfaceOrientationLandscapeRight";
				IPHONEOS_DEPLOYMENT_TARGET = 13.0;
				LD_RUNPATH_SEARCH_PATHS = (
					"$(inherited)",
					"@executable_path/Frameworks",
				);
				MARKETING_VERSION = 1.0;
				PRODUCT_BUNDLE_IDENTIFIER = "com.vasanth.iOS-AppArchitecture";
				PRODUCT_NAME = "$(TARGET_NAME)";
				SWIFT_EMIT_LOC_STRINGS = YES;
				SWIFT_VERSION = 5.0;
				TARGETED_DEVICE_FAMILY = "1,2";
			};
			name = Release;
		};
/* End XCBuildConfiguration section */

/* Begin XCConfigurationList section */
		128876AF290E1ACA00E22915 /* Build configuration list for PBXProject "iOS-AppArchitecture" */ = {
			isa = XCConfigurationList;
			buildConfigurations = (
				128876C6290E1ACB00E22915 /* Debug */,
				128876C7290E1ACB00E22915 /* Release */,
			);
			defaultConfigurationIsVisible = 0;
			defaultConfigurationName = Release;
		};
		128876C8290E1ACB00E22915 /* Build configuration list for PBXNativeTarget "iOS-AppArchitecture" */ = {
			isa = XCConfigurationList;
			buildConfigurations = (
				128876C9290E1ACB00E22915 /* Debug */,
				128876CA290E1ACB00E22915 /* Release */,
			);
			defaultConfigurationIsVisible = 0;
			defaultConfigurationName = Release;
		};
/* End XCConfigurationList section */
	};
	rootObject = 128876AC290E1ACA00E22915 /* Project object */;
}
